// !$*UTF8*$!
{
	archiveVersion = 1;
	classes = {
	};
	objectVersion = 56;
	objects = {

/* Begin PBXBuildFile section */
		A91689B62ACB212100871D9E /* DetailBeerViewController.swift in Sources */ = {isa = PBXBuildFile; fileRef = A91689B52ACB212100871D9E /* DetailBeerViewController.swift */; };
		A91689B82ACB216900871D9E /* DetailBeerViewProtocol.swift in Sources */ = {isa = PBXBuildFile; fileRef = A91689B72ACB216900871D9E /* DetailBeerViewProtocol.swift */; };
		A91689BB2ACB3B8300871D9E /* BaseViewController.swift in Sources */ = {isa = PBXBuildFile; fileRef = A91689BA2ACB3B8300871D9E /* BaseViewController.swift */; };
		A91689BD2ACB3F9400871D9E /* BaseNavigationController.swift in Sources */ = {isa = PBXBuildFile; fileRef = A91689BC2ACB3F9400871D9E /* BaseNavigationController.swift */; };
		A91689C02ACB420D00871D9E /* Extensions.swift in Sources */ = {isa = PBXBuildFile; fileRef = A91689BF2ACB420D00871D9E /* Extensions.swift */; };
		A91689C22ACB5B9100871D9E /* DetailBeerPresenter.swift in Sources */ = {isa = PBXBuildFile; fileRef = A91689C12ACB5B9100871D9E /* DetailBeerPresenter.swift */; };
		A91689C42ACB5B9E00871D9E /* DetailBeerPresenterProtocol.swift in Sources */ = {isa = PBXBuildFile; fileRef = A91689C32ACB5B9E00871D9E /* DetailBeerPresenterProtocol.swift */; };
		A91689C62ACB5C8300871D9E /* DetailBeerInteractor.swift in Sources */ = {isa = PBXBuildFile; fileRef = A91689C52ACB5C8300871D9E /* DetailBeerInteractor.swift */; };
		A91689C82ACB5C9400871D9E /* DetailBeerInteractorProtocol.swift in Sources */ = {isa = PBXBuildFile; fileRef = A91689C72ACB5C9400871D9E /* DetailBeerInteractorProtocol.swift */; };
		A91689CA2ACB5D6D00871D9E /* DetailBeerRouter.swift in Sources */ = {isa = PBXBuildFile; fileRef = A91689C92ACB5D6D00871D9E /* DetailBeerRouter.swift */; };
		A91689CC2ACB5D7A00871D9E /* DetailBeerRouterProtocol.swift in Sources */ = {isa = PBXBuildFile; fileRef = A91689CB2ACB5D7A00871D9E /* DetailBeerRouterProtocol.swift */; };
		A91689CE2ACB60A700871D9E /* DetailBeerConfigurator.swift in Sources */ = {isa = PBXBuildFile; fileRef = A91689CD2ACB60A700871D9E /* DetailBeerConfigurator.swift */; };
		A91689D02ACB60B600871D9E /* DetailBeerConfiguratorProtocol.swift in Sources */ = {isa = PBXBuildFile; fileRef = A91689CF2ACB60B600871D9E /* DetailBeerConfiguratorProtocol.swift */; };
		A942138C2AC888A00062C732 /* AppDelegate.swift in Sources */ = {isa = PBXBuildFile; fileRef = A942138B2AC888A00062C732 /* AppDelegate.swift */; };
		A942138E2AC888A00062C732 /* SceneDelegate.swift in Sources */ = {isa = PBXBuildFile; fileRef = A942138D2AC888A00062C732 /* SceneDelegate.swift */; };
		A94213902AC888A00062C732 /* HomeBeerViewController.swift in Sources */ = {isa = PBXBuildFile; fileRef = A942138F2AC888A00062C732 /* HomeBeerViewController.swift */; };
		A94213932AC888A00062C732 /* Main.storyboard in Resources */ = {isa = PBXBuildFile; fileRef = A94213912AC888A00062C732 /* Main.storyboard */; };
		A94213962AC888A00062C732 /* MEPunkDemo.xcdatamodeld in Sources */ = {isa = PBXBuildFile; fileRef = A94213942AC888A00062C732 /* MEPunkDemo.xcdatamodeld */; };
		A94213982AC888A10062C732 /* Assets.xcassets in Resources */ = {isa = PBXBuildFile; fileRef = A94213972AC888A10062C732 /* Assets.xcassets */; };
		A942139B2AC888A10062C732 /* LaunchScreen.storyboard in Resources */ = {isa = PBXBuildFile; fileRef = A94213992AC888A10062C732 /* LaunchScreen.storyboard */; };
		A94213A62AC888A10062C732 /* MEPunkDemoTests.swift in Sources */ = {isa = PBXBuildFile; fileRef = A94213A52AC888A10062C732 /* MEPunkDemoTests.swift */; };
		A94213B02AC888A10062C732 /* MEPunkDemoUITests.swift in Sources */ = {isa = PBXBuildFile; fileRef = A94213AF2AC888A10062C732 /* MEPunkDemoUITests.swift */; };
		A94213B22AC888A10062C732 /* MEPunkDemoUITestsLaunchTests.swift in Sources */ = {isa = PBXBuildFile; fileRef = A94213B12AC888A10062C732 /* MEPunkDemoUITestsLaunchTests.swift */; };
		A96532822ACA513B00482716 /* HomeBeerTableViewCell.swift in Sources */ = {isa = PBXBuildFile; fileRef = A96532812ACA513B00482716 /* HomeBeerTableViewCell.swift */; };
		A9BEB8042AC8FD63001E21D2 /* Alamofire in Frameworks */ = {isa = PBXBuildFile; productRef = A9BEB8032AC8FD63001E21D2 /* Alamofire */; };
		A9BEB8072AC8FD77001E21D2 /* MBProgressHUD in Frameworks */ = {isa = PBXBuildFile; productRef = A9BEB8062AC8FD77001E21D2 /* MBProgressHUD */; };
		A9BEB80A2AC90254001E21D2 /* Kingfisher in Frameworks */ = {isa = PBXBuildFile; productRef = A9BEB8092AC90254001E21D2 /* Kingfisher */; };
		A9BEB8112AC90318001E21D2 /* ServiceDataSource.swift in Sources */ = {isa = PBXBuildFile; fileRef = A9BEB8102AC90318001E21D2 /* ServiceDataSource.swift */; };
		A9BEB8132AC90323001E21D2 /* ServiceDataSourceProtocol.swift in Sources */ = {isa = PBXBuildFile; fileRef = A9BEB8122AC90323001E21D2 /* ServiceDataSourceProtocol.swift */; };
		A9BEB81C2AC906A0001E21D2 /* HomeBeerInteractor.swift in Sources */ = {isa = PBXBuildFile; fileRef = A9BEB81B2AC906A0001E21D2 /* HomeBeerInteractor.swift */; };
		A9BEB81E2AC906B1001E21D2 /* HomeBeerInteractorProtocol.swift in Sources */ = {isa = PBXBuildFile; fileRef = A9BEB81D2AC906B1001E21D2 /* HomeBeerInteractorProtocol.swift */; };
		A9BEB8202AC906C2001E21D2 /* HomeBeerPresenter.swift in Sources */ = {isa = PBXBuildFile; fileRef = A9BEB81F2AC906C2001E21D2 /* HomeBeerPresenter.swift */; };
		A9BEB8222AC906D0001E21D2 /* HomeBeerPresenterProtocol.swift in Sources */ = {isa = PBXBuildFile; fileRef = A9BEB8212AC906D0001E21D2 /* HomeBeerPresenterProtocol.swift */; };
		A9BEB8242AC906EA001E21D2 /* HomeBeerRouter.swift in Sources */ = {isa = PBXBuildFile; fileRef = A9BEB8232AC906EA001E21D2 /* HomeBeerRouter.swift */; };
		A9BEB8262AC906FD001E21D2 /* HomeBeerRouterProtocol.swift in Sources */ = {isa = PBXBuildFile; fileRef = A9BEB8252AC906FD001E21D2 /* HomeBeerRouterProtocol.swift */; };
		A9BEB8282AC9070B001E21D2 /* HomeBeerConfigurator.swift in Sources */ = {isa = PBXBuildFile; fileRef = A9BEB8272AC9070B001E21D2 /* HomeBeerConfigurator.swift */; };
		A9BEB82A2AC9071A001E21D2 /* HomeBeerConfiguratorProtocol.swift in Sources */ = {isa = PBXBuildFile; fileRef = A9BEB8292AC9071A001E21D2 /* HomeBeerConfiguratorProtocol.swift */; };
		A9BEB82C2AC90748001E21D2 /* BeerModel.swift in Sources */ = {isa = PBXBuildFile; fileRef = A9BEB82B2AC90748001E21D2 /* BeerModel.swift */; };
		A9BEB82E2AC90CDB001E21D2 /* ErrorModel.swift in Sources */ = {isa = PBXBuildFile; fileRef = A9BEB82D2AC90CDB001E21D2 /* ErrorModel.swift */; };
		A9BEB8302AC90D48001E21D2 /* HomeBeerViewProtocol.swift in Sources */ = {isa = PBXBuildFile; fileRef = A9BEB82F2AC90D48001E21D2 /* HomeBeerViewProtocol.swift */; };
		A9BEB8322AC9103F001E21D2 /* HomeBeerRepository.swift in Sources */ = {isa = PBXBuildFile; fileRef = A9BEB8312AC9103F001E21D2 /* HomeBeerRepository.swift */; };
		A9BEB8342AC91048001E21D2 /* HomeBeerRepositoryProtocol.swift in Sources */ = {isa = PBXBuildFile; fileRef = A9BEB8332AC91048001E21D2 /* HomeBeerRepositoryProtocol.swift */; };
		A9BEB8382AC91580001E21D2 /* Constants.swift in Sources */ = {isa = PBXBuildFile; fileRef = A9BEB8372AC91580001E21D2 /* Constants.swift */; };
/* End PBXBuildFile section */

/* Begin PBXContainerItemProxy section */
		A94213A22AC888A10062C732 /* PBXContainerItemProxy */ = {
			isa = PBXContainerItemProxy;
			containerPortal = A94213802AC888A00062C732 /* Project object */;
			proxyType = 1;
			remoteGlobalIDString = A94213872AC888A00062C732;
			remoteInfo = MEPunkDemo;
		};
		A94213AC2AC888A10062C732 /* PBXContainerItemProxy */ = {
			isa = PBXContainerItemProxy;
			containerPortal = A94213802AC888A00062C732 /* Project object */;
			proxyType = 1;
			remoteGlobalIDString = A94213872AC888A00062C732;
			remoteInfo = MEPunkDemo;
		};
/* End PBXContainerItemProxy section */

/* Begin PBXFileReference section */
		A91689B52ACB212100871D9E /* DetailBeerViewController.swift */ = {isa = PBXFileReference; lastKnownFileType = sourcecode.swift; path = DetailBeerViewController.swift; sourceTree = "<group>"; };
		A91689B72ACB216900871D9E /* DetailBeerViewProtocol.swift */ = {isa = PBXFileReference; lastKnownFileType = sourcecode.swift; path = DetailBeerViewProtocol.swift; sourceTree = "<group>"; };
		A91689BA2ACB3B8300871D9E /* BaseViewController.swift */ = {isa = PBXFileReference; lastKnownFileType = sourcecode.swift; path = BaseViewController.swift; sourceTree = "<group>"; };
		A91689BC2ACB3F9400871D9E /* BaseNavigationController.swift */ = {isa = PBXFileReference; lastKnownFileType = sourcecode.swift; path = BaseNavigationController.swift; sourceTree = "<group>"; };
		A91689BF2ACB420D00871D9E /* Extensions.swift */ = {isa = PBXFileReference; lastKnownFileType = sourcecode.swift; path = Extensions.swift; sourceTree = "<group>"; };
		A91689C12ACB5B9100871D9E /* DetailBeerPresenter.swift */ = {isa = PBXFileReference; lastKnownFileType = sourcecode.swift; path = DetailBeerPresenter.swift; sourceTree = "<group>"; };
		A91689C32ACB5B9E00871D9E /* DetailBeerPresenterProtocol.swift */ = {isa = PBXFileReference; lastKnownFileType = sourcecode.swift; path = DetailBeerPresenterProtocol.swift; sourceTree = "<group>"; };
		A91689C52ACB5C8300871D9E /* DetailBeerInteractor.swift */ = {isa = PBXFileReference; lastKnownFileType = sourcecode.swift; path = DetailBeerInteractor.swift; sourceTree = "<group>"; };
		A91689C72ACB5C9400871D9E /* DetailBeerInteractorProtocol.swift */ = {isa = PBXFileReference; lastKnownFileType = sourcecode.swift; path = DetailBeerInteractorProtocol.swift; sourceTree = "<group>"; };
		A91689C92ACB5D6D00871D9E /* DetailBeerRouter.swift */ = {isa = PBXFileReference; lastKnownFileType = sourcecode.swift; path = DetailBeerRouter.swift; sourceTree = "<group>"; };
		A91689CB2ACB5D7A00871D9E /* DetailBeerRouterProtocol.swift */ = {isa = PBXFileReference; lastKnownFileType = sourcecode.swift; path = DetailBeerRouterProtocol.swift; sourceTree = "<group>"; };
		A91689CD2ACB60A700871D9E /* DetailBeerConfigurator.swift */ = {isa = PBXFileReference; lastKnownFileType = sourcecode.swift; path = DetailBeerConfigurator.swift; sourceTree = "<group>"; };
		A91689CF2ACB60B600871D9E /* DetailBeerConfiguratorProtocol.swift */ = {isa = PBXFileReference; lastKnownFileType = sourcecode.swift; path = DetailBeerConfiguratorProtocol.swift; sourceTree = "<group>"; };
		A94213882AC888A00062C732 /* MEPunkDemo.app */ = {isa = PBXFileReference; explicitFileType = wrapper.application; includeInIndex = 0; path = MEPunkDemo.app; sourceTree = BUILT_PRODUCTS_DIR; };
		A942138B2AC888A00062C732 /* AppDelegate.swift */ = {isa = PBXFileReference; lastKnownFileType = sourcecode.swift; path = AppDelegate.swift; sourceTree = "<group>"; };
		A942138D2AC888A00062C732 /* SceneDelegate.swift */ = {isa = PBXFileReference; lastKnownFileType = sourcecode.swift; path = SceneDelegate.swift; sourceTree = "<group>"; };
		A942138F2AC888A00062C732 /* HomeBeerViewController.swift */ = {isa = PBXFileReference; lastKnownFileType = sourcecode.swift; path = HomeBeerViewController.swift; sourceTree = "<group>"; };
		A94213922AC888A00062C732 /* Base */ = {isa = PBXFileReference; lastKnownFileType = file.storyboard; name = Base; path = Base.lproj/Main.storyboard; sourceTree = "<group>"; };
		A94213952AC888A00062C732 /* MEPunkDemo.xcdatamodel */ = {isa = PBXFileReference; lastKnownFileType = wrapper.xcdatamodel; path = MEPunkDemo.xcdatamodel; sourceTree = "<group>"; };
		A94213972AC888A10062C732 /* Assets.xcassets */ = {isa = PBXFileReference; lastKnownFileType = folder.assetcatalog; path = Assets.xcassets; sourceTree = "<group>"; };
		A942139A2AC888A10062C732 /* Base */ = {isa = PBXFileReference; lastKnownFileType = file.storyboard; name = Base; path = Base.lproj/LaunchScreen.storyboard; sourceTree = "<group>"; };
		A942139C2AC888A10062C732 /* Info.plist */ = {isa = PBXFileReference; lastKnownFileType = text.plist.xml; path = Info.plist; sourceTree = "<group>"; };
		A94213A12AC888A10062C732 /* MEPunkDemoTests.xctest */ = {isa = PBXFileReference; explicitFileType = wrapper.cfbundle; includeInIndex = 0; path = MEPunkDemoTests.xctest; sourceTree = BUILT_PRODUCTS_DIR; };
		A94213A52AC888A10062C732 /* MEPunkDemoTests.swift */ = {isa = PBXFileReference; lastKnownFileType = sourcecode.swift; path = MEPunkDemoTests.swift; sourceTree = "<group>"; };
		A94213AB2AC888A10062C732 /* MEPunkDemoUITests.xctest */ = {isa = PBXFileReference; explicitFileType = wrapper.cfbundle; includeInIndex = 0; path = MEPunkDemoUITests.xctest; sourceTree = BUILT_PRODUCTS_DIR; };
		A94213AF2AC888A10062C732 /* MEPunkDemoUITests.swift */ = {isa = PBXFileReference; lastKnownFileType = sourcecode.swift; path = MEPunkDemoUITests.swift; sourceTree = "<group>"; };
		A94213B12AC888A10062C732 /* MEPunkDemoUITestsLaunchTests.swift */ = {isa = PBXFileReference; lastKnownFileType = sourcecode.swift; path = MEPunkDemoUITestsLaunchTests.swift; sourceTree = "<group>"; };
		A96532812ACA513B00482716 /* HomeBeerTableViewCell.swift */ = {isa = PBXFileReference; lastKnownFileType = sourcecode.swift; path = HomeBeerTableViewCell.swift; sourceTree = "<group>"; };
		A9BEB8102AC90318001E21D2 /* ServiceDataSource.swift */ = {isa = PBXFileReference; lastKnownFileType = sourcecode.swift; path = ServiceDataSource.swift; sourceTree = "<group>"; };
		A9BEB8122AC90323001E21D2 /* ServiceDataSourceProtocol.swift */ = {isa = PBXFileReference; lastKnownFileType = sourcecode.swift; path = ServiceDataSourceProtocol.swift; sourceTree = "<group>"; };
		A9BEB81B2AC906A0001E21D2 /* HomeBeerInteractor.swift */ = {isa = PBXFileReference; lastKnownFileType = sourcecode.swift; path = HomeBeerInteractor.swift; sourceTree = "<group>"; };
		A9BEB81D2AC906B1001E21D2 /* HomeBeerInteractorProtocol.swift */ = {isa = PBXFileReference; lastKnownFileType = sourcecode.swift; path = HomeBeerInteractorProtocol.swift; sourceTree = "<group>"; };
		A9BEB81F2AC906C2001E21D2 /* HomeBeerPresenter.swift */ = {isa = PBXFileReference; lastKnownFileType = sourcecode.swift; path = HomeBeerPresenter.swift; sourceTree = "<group>"; };
		A9BEB8212AC906D0001E21D2 /* HomeBeerPresenterProtocol.swift */ = {isa = PBXFileReference; lastKnownFileType = sourcecode.swift; path = HomeBeerPresenterProtocol.swift; sourceTree = "<group>"; };
		A9BEB8232AC906EA001E21D2 /* HomeBeerRouter.swift */ = {isa = PBXFileReference; lastKnownFileType = sourcecode.swift; path = HomeBeerRouter.swift; sourceTree = "<group>"; };
		A9BEB8252AC906FD001E21D2 /* HomeBeerRouterProtocol.swift */ = {isa = PBXFileReference; lastKnownFileType = sourcecode.swift; path = HomeBeerRouterProtocol.swift; sourceTree = "<group>"; };
		A9BEB8272AC9070B001E21D2 /* HomeBeerConfigurator.swift */ = {isa = PBXFileReference; lastKnownFileType = sourcecode.swift; path = HomeBeerConfigurator.swift; sourceTree = "<group>"; };
		A9BEB8292AC9071A001E21D2 /* HomeBeerConfiguratorProtocol.swift */ = {isa = PBXFileReference; lastKnownFileType = sourcecode.swift; path = HomeBeerConfiguratorProtocol.swift; sourceTree = "<group>"; };
		A9BEB82B2AC90748001E21D2 /* BeerModel.swift */ = {isa = PBXFileReference; lastKnownFileType = sourcecode.swift; path = BeerModel.swift; sourceTree = "<group>"; };
		A9BEB82D2AC90CDB001E21D2 /* ErrorModel.swift */ = {isa = PBXFileReference; lastKnownFileType = sourcecode.swift; path = ErrorModel.swift; sourceTree = "<group>"; };
		A9BEB82F2AC90D48001E21D2 /* HomeBeerViewProtocol.swift */ = {isa = PBXFileReference; lastKnownFileType = sourcecode.swift; path = HomeBeerViewProtocol.swift; sourceTree = "<group>"; };
		A9BEB8312AC9103F001E21D2 /* HomeBeerRepository.swift */ = {isa = PBXFileReference; lastKnownFileType = sourcecode.swift; path = HomeBeerRepository.swift; sourceTree = "<group>"; };
		A9BEB8332AC91048001E21D2 /* HomeBeerRepositoryProtocol.swift */ = {isa = PBXFileReference; lastKnownFileType = sourcecode.swift; path = HomeBeerRepositoryProtocol.swift; sourceTree = "<group>"; };
		A9BEB8372AC91580001E21D2 /* Constants.swift */ = {isa = PBXFileReference; lastKnownFileType = sourcecode.swift; path = Constants.swift; sourceTree = "<group>"; };
/* End PBXFileReference section */

/* Begin PBXFrameworksBuildPhase section */
		A94213852AC888A00062C732 /* Frameworks */ = {
			isa = PBXFrameworksBuildPhase;
			buildActionMask = 2147483647;
			files = (
				A9BEB80A2AC90254001E21D2 /* Kingfisher in Frameworks */,
				A9BEB8072AC8FD77001E21D2 /* MBProgressHUD in Frameworks */,
				A9BEB8042AC8FD63001E21D2 /* Alamofire in Frameworks */,
			);
			runOnlyForDeploymentPostprocessing = 0;
		};
		A942139E2AC888A10062C732 /* Frameworks */ = {
			isa = PBXFrameworksBuildPhase;
			buildActionMask = 2147483647;
			files = (
			);
			runOnlyForDeploymentPostprocessing = 0;
		};
		A94213A82AC888A10062C732 /* Frameworks */ = {
			isa = PBXFrameworksBuildPhase;
			buildActionMask = 2147483647;
			files = (
			);
			runOnlyForDeploymentPostprocessing = 0;
		};
/* End PBXFrameworksBuildPhase section */

/* Begin PBXGroup section */
		A91689B92ACB3B6F00871D9E /* Base */ = {
			isa = PBXGroup;
			children = (
				A91689BA2ACB3B8300871D9E /* BaseViewController.swift */,
				A91689BC2ACB3F9400871D9E /* BaseNavigationController.swift */,
			);
			path = Base;
			sourceTree = "<group>";
		};
		A91689BE2ACB41A000871D9E /* Util */ = {
			isa = PBXGroup;
			children = (
				A91689BF2ACB420D00871D9E /* Extensions.swift */,
			);
			path = Util;
			sourceTree = "<group>";
		};
		A942137F2AC888A00062C732 = {
			isa = PBXGroup;
			children = (
				A942138A2AC888A00062C732 /* MEPunkDemo */,
				A94213A42AC888A10062C732 /* MEPunkDemoTests */,
				A94213AE2AC888A10062C732 /* MEPunkDemoUITests */,
				A94213892AC888A00062C732 /* Products */,
			);
			sourceTree = "<group>";
		};
		A94213892AC888A00062C732 /* Products */ = {
			isa = PBXGroup;
			children = (
				A94213882AC888A00062C732 /* MEPunkDemo.app */,
				A94213A12AC888A10062C732 /* MEPunkDemoTests.xctest */,
				A94213AB2AC888A10062C732 /* MEPunkDemoUITests.xctest */,
			);
			name = Products;
			sourceTree = "<group>";
		};
		A942138A2AC888A00062C732 /* MEPunkDemo */ = {
			isa = PBXGroup;
			children = (
				A9BEB8362AC9156A001E21D2 /* General */,
				A91689B92ACB3B6F00871D9E /* Base */,
				A9BEB80B2AC90272001E21D2 /* Data */,
				A9BEB80D2AC90287001E21D2 /* Model */,
				A9BEB80C2AC90278001E21D2 /* Modules */,
				A91689BE2ACB41A000871D9E /* Util */,
				A942138B2AC888A00062C732 /* AppDelegate.swift */,
				A942138D2AC888A00062C732 /* SceneDelegate.swift */,
				A94213912AC888A00062C732 /* Main.storyboard */,
				A94213972AC888A10062C732 /* Assets.xcassets */,
				A94213992AC888A10062C732 /* LaunchScreen.storyboard */,
				A942139C2AC888A10062C732 /* Info.plist */,
				A94213942AC888A00062C732 /* MEPunkDemo.xcdatamodeld */,
			);
			path = MEPunkDemo;
			sourceTree = "<group>";
		};
		A94213A42AC888A10062C732 /* MEPunkDemoTests */ = {
			isa = PBXGroup;
			children = (
				A94213A52AC888A10062C732 /* MEPunkDemoTests.swift */,
			);
			path = MEPunkDemoTests;
			sourceTree = "<group>";
		};
		A94213AE2AC888A10062C732 /* MEPunkDemoUITests */ = {
			isa = PBXGroup;
			children = (
				A94213AF2AC888A10062C732 /* MEPunkDemoUITests.swift */,
				A94213B12AC888A10062C732 /* MEPunkDemoUITestsLaunchTests.swift */,
			);
			path = MEPunkDemoUITests;
			sourceTree = "<group>";
		};
		A96532802ACA511B00482716 /* Cell */ = {
			isa = PBXGroup;
			children = (
				A96532812ACA513B00482716 /* HomeBeerTableViewCell.swift */,
			);
			path = Cell;
			sourceTree = "<group>";
		};
		A9BEB80B2AC90272001E21D2 /* Data */ = {
			isa = PBXGroup;
			children = (
				A9BEB80E2AC90299001E21D2 /* Network */,
				A9BEB80F2AC902A0001E21D2 /* Repository */,
			);
			path = Data;
			sourceTree = "<group>";
		};
		A9BEB80C2AC90278001E21D2 /* Modules */ = {
			isa = PBXGroup;
			children = (
				A9BEB8142AC90382001E21D2 /* HomeBeer */,
			);
			path = Modules;
			sourceTree = "<group>";
		};
		A9BEB80D2AC90287001E21D2 /* Model */ = {
			isa = PBXGroup;
			children = (
				A9BEB82B2AC90748001E21D2 /* BeerModel.swift */,
				A9BEB82D2AC90CDB001E21D2 /* ErrorModel.swift */,
			);
			path = Model;
			sourceTree = "<group>";
		};
		A9BEB80E2AC90299001E21D2 /* Network */ = {
			isa = PBXGroup;
			children = (
				A9BEB8102AC90318001E21D2 /* ServiceDataSource.swift */,
				A9BEB8122AC90323001E21D2 /* ServiceDataSourceProtocol.swift */,
			);
			path = Network;
			sourceTree = "<group>";
		};
		A9BEB80F2AC902A0001E21D2 /* Repository */ = {
			isa = PBXGroup;
			children = (
				A9BEB81A2AC903BE001E21D2 /* HomeBeer */,
			);
			path = Repository;
			sourceTree = "<group>";
		};
		A9BEB8142AC90382001E21D2 /* HomeBeer */ = {
			isa = PBXGroup;
			children = (
				A9BEB8192AC903AA001E21D2 /* Configurator */,
				A9BEB8182AC903A4001E21D2 /* Router */,
				A9BEB8172AC9039D001E21D2 /* Presenter */,
				A9BEB8162AC90398001E21D2 /* Interactor */,
				A9BEB8152AC90393001E21D2 /* View */,
			);
			path = HomeBeer;
			sourceTree = "<group>";
		};
		A9BEB8152AC90393001E21D2 /* View */ = {
			isa = PBXGroup;
			children = (
				A96532802ACA511B00482716 /* Cell */,
				A942138F2AC888A00062C732 /* HomeBeerViewController.swift */,
				A9BEB82F2AC90D48001E21D2 /* HomeBeerViewProtocol.swift */,
				A91689B52ACB212100871D9E /* DetailBeerViewController.swift */,
				A91689B72ACB216900871D9E /* DetailBeerViewProtocol.swift */,
			);
			path = View;
			sourceTree = "<group>";
		};
		A9BEB8162AC90398001E21D2 /* Interactor */ = {
			isa = PBXGroup;
			children = (
				A9BEB81B2AC906A0001E21D2 /* HomeBeerInteractor.swift */,
				A9BEB81D2AC906B1001E21D2 /* HomeBeerInteractorProtocol.swift */,
				A91689C52ACB5C8300871D9E /* DetailBeerInteractor.swift */,
				A91689C72ACB5C9400871D9E /* DetailBeerInteractorProtocol.swift */,
			);
			path = Interactor;
			sourceTree = "<group>";
		};
		A9BEB8172AC9039D001E21D2 /* Presenter */ = {
			isa = PBXGroup;
			children = (
				A9BEB81F2AC906C2001E21D2 /* HomeBeerPresenter.swift */,
				A9BEB8212AC906D0001E21D2 /* HomeBeerPresenterProtocol.swift */,
				A91689C12ACB5B9100871D9E /* DetailBeerPresenter.swift */,
				A91689C32ACB5B9E00871D9E /* DetailBeerPresenterProtocol.swift */,
			);
			path = Presenter;
			sourceTree = "<group>";
		};
		A9BEB8182AC903A4001E21D2 /* Router */ = {
			isa = PBXGroup;
			children = (
				A9BEB8232AC906EA001E21D2 /* HomeBeerRouter.swift */,
				A9BEB8252AC906FD001E21D2 /* HomeBeerRouterProtocol.swift */,
				A91689C92ACB5D6D00871D9E /* DetailBeerRouter.swift */,
				A91689CB2ACB5D7A00871D9E /* DetailBeerRouterProtocol.swift */,
			);
			path = Router;
			sourceTree = "<group>";
		};
		A9BEB8192AC903AA001E21D2 /* Configurator */ = {
			isa = PBXGroup;
			children = (
				A9BEB8272AC9070B001E21D2 /* HomeBeerConfigurator.swift */,
				A9BEB8292AC9071A001E21D2 /* HomeBeerConfiguratorProtocol.swift */,
				A91689CD2ACB60A700871D9E /* DetailBeerConfigurator.swift */,
				A91689CF2ACB60B600871D9E /* DetailBeerConfiguratorProtocol.swift */,
			);
			path = Configurator;
			sourceTree = "<group>";
		};
		A9BEB81A2AC903BE001E21D2 /* HomeBeer */ = {
			isa = PBXGroup;
			children = (
				A9BEB8312AC9103F001E21D2 /* HomeBeerRepository.swift */,
				A9BEB8332AC91048001E21D2 /* HomeBeerRepositoryProtocol.swift */,
			);
			path = HomeBeer;
			sourceTree = "<group>";
		};
		A9BEB8362AC9156A001E21D2 /* General */ = {
			isa = PBXGroup;
			children = (
				A9BEB8372AC91580001E21D2 /* Constants.swift */,
			);
			path = General;
			sourceTree = "<group>";
		};
/* End PBXGroup section */

/* Begin PBXNativeTarget section */
		A94213872AC888A00062C732 /* MEPunkDemo */ = {
			isa = PBXNativeTarget;
			buildConfigurationList = A94213B52AC888A10062C732 /* Build configuration list for PBXNativeTarget "MEPunkDemo" */;
			buildPhases = (
				A94213842AC888A00062C732 /* Sources */,
				A94213852AC888A00062C732 /* Frameworks */,
				A94213862AC888A00062C732 /* Resources */,
			);
			buildRules = (
			);
			dependencies = (
			);
			name = MEPunkDemo;
			packageProductDependencies = (
				A9BEB8032AC8FD63001E21D2 /* Alamofire */,
				A9BEB8062AC8FD77001E21D2 /* MBProgressHUD */,
				A9BEB8092AC90254001E21D2 /* Kingfisher */,
			);
			productName = MEPunkDemo;
			productReference = A94213882AC888A00062C732 /* MEPunkDemo.app */;
			productType = "com.apple.product-type.application";
		};
		A94213A02AC888A10062C732 /* MEPunkDemoTests */ = {
			isa = PBXNativeTarget;
			buildConfigurationList = A94213B82AC888A10062C732 /* Build configuration list for PBXNativeTarget "MEPunkDemoTests" */;
			buildPhases = (
				A942139D2AC888A10062C732 /* Sources */,
				A942139E2AC888A10062C732 /* Frameworks */,
				A942139F2AC888A10062C732 /* Resources */,
			);
			buildRules = (
			);
			dependencies = (
				A94213A32AC888A10062C732 /* PBXTargetDependency */,
			);
			name = MEPunkDemoTests;
			productName = MEPunkDemoTests;
			productReference = A94213A12AC888A10062C732 /* MEPunkDemoTests.xctest */;
			productType = "com.apple.product-type.bundle.unit-test";
		};
		A94213AA2AC888A10062C732 /* MEPunkDemoUITests */ = {
			isa = PBXNativeTarget;
			buildConfigurationList = A94213BB2AC888A10062C732 /* Build configuration list for PBXNativeTarget "MEPunkDemoUITests" */;
			buildPhases = (
				A94213A72AC888A10062C732 /* Sources */,
				A94213A82AC888A10062C732 /* Frameworks */,
				A94213A92AC888A10062C732 /* Resources */,
			);
			buildRules = (
			);
			dependencies = (
				A94213AD2AC888A10062C732 /* PBXTargetDependency */,
			);
			name = MEPunkDemoUITests;
			productName = MEPunkDemoUITests;
			productReference = A94213AB2AC888A10062C732 /* MEPunkDemoUITests.xctest */;
			productType = "com.apple.product-type.bundle.ui-testing";
		};
/* End PBXNativeTarget section */

/* Begin PBXProject section */
		A94213802AC888A00062C732 /* Project object */ = {
			isa = PBXProject;
			attributes = {
				BuildIndependentTargetsInParallel = 1;
				LastSwiftUpdateCheck = 1500;
				LastUpgradeCheck = 1500;
				TargetAttributes = {
					A94213872AC888A00062C732 = {
						CreatedOnToolsVersion = 15.0;
					};
					A94213A02AC888A10062C732 = {
						CreatedOnToolsVersion = 15.0;
						TestTargetID = A94213872AC888A00062C732;
					};
					A94213AA2AC888A10062C732 = {
						CreatedOnToolsVersion = 15.0;
						TestTargetID = A94213872AC888A00062C732;
					};
				};
			};
			buildConfigurationList = A94213832AC888A00062C732 /* Build configuration list for PBXProject "MEPunkDemo" */;
			compatibilityVersion = "Xcode 14.0";
			developmentRegion = en;
			hasScannedForEncodings = 0;
			knownRegions = (
				en,
				Base,
			);
			mainGroup = A942137F2AC888A00062C732;
			packageReferences = (
				A9BEB8022AC8FD63001E21D2 /* XCRemoteSwiftPackageReference "Alamofire" */,
				A9BEB8052AC8FD77001E21D2 /* XCRemoteSwiftPackageReference "MBProgressHUD" */,
				A9BEB8082AC90254001E21D2 /* XCRemoteSwiftPackageReference "Kingfisher" */,
			);
			productRefGroup = A94213892AC888A00062C732 /* Products */;
			projectDirPath = "";
			projectRoot = "";
			targets = (
				A94213872AC888A00062C732 /* MEPunkDemo */,
				A94213A02AC888A10062C732 /* MEPunkDemoTests */,
				A94213AA2AC888A10062C732 /* MEPunkDemoUITests */,
			);
		};
/* End PBXProject section */

/* Begin PBXResourcesBuildPhase section */
		A94213862AC888A00062C732 /* Resources */ = {
			isa = PBXResourcesBuildPhase;
			buildActionMask = 2147483647;
			files = (
				A942139B2AC888A10062C732 /* LaunchScreen.storyboard in Resources */,
				A94213982AC888A10062C732 /* Assets.xcassets in Resources */,
				A94213932AC888A00062C732 /* Main.storyboard in Resources */,
			);
			runOnlyForDeploymentPostprocessing = 0;
		};
		A942139F2AC888A10062C732 /* Resources */ = {
			isa = PBXResourcesBuildPhase;
			buildActionMask = 2147483647;
			files = (
			);
			runOnlyForDeploymentPostprocessing = 0;
		};
		A94213A92AC888A10062C732 /* Resources */ = {
			isa = PBXResourcesBuildPhase;
			buildActionMask = 2147483647;
			files = (
			);
			runOnlyForDeploymentPostprocessing = 0;
		};
/* End PBXResourcesBuildPhase section */

/* Begin PBXSourcesBuildPhase section */
		A94213842AC888A00062C732 /* Sources */ = {
			isa = PBXSourcesBuildPhase;
			buildActionMask = 2147483647;
			files = (
				A9BEB8322AC9103F001E21D2 /* HomeBeerRepository.swift in Sources */,
				A94213962AC888A00062C732 /* MEPunkDemo.xcdatamodeld in Sources */,
				A9BEB82A2AC9071A001E21D2 /* HomeBeerConfiguratorProtocol.swift in Sources */,
				A91689B82ACB216900871D9E /* DetailBeerViewProtocol.swift in Sources */,
				A94213902AC888A00062C732 /* HomeBeerViewController.swift in Sources */,
				A91689BB2ACB3B8300871D9E /* BaseViewController.swift in Sources */,
				A9BEB8132AC90323001E21D2 /* ServiceDataSourceProtocol.swift in Sources */,
				A91689C02ACB420D00871D9E /* Extensions.swift in Sources */,
				A9BEB81C2AC906A0001E21D2 /* HomeBeerInteractor.swift in Sources */,
				A9BEB8202AC906C2001E21D2 /* HomeBeerPresenter.swift in Sources */,
				A9BEB8302AC90D48001E21D2 /* HomeBeerViewProtocol.swift in Sources */,
				A96532822ACA513B00482716 /* HomeBeerTableViewCell.swift in Sources */,
				A9BEB82E2AC90CDB001E21D2 /* ErrorModel.swift in Sources */,
				A91689C82ACB5C9400871D9E /* DetailBeerInteractorProtocol.swift in Sources */,
				A91689C42ACB5B9E00871D9E /* DetailBeerPresenterProtocol.swift in Sources */,
				A9BEB8112AC90318001E21D2 /* ServiceDataSource.swift in Sources */,
				A9BEB8282AC9070B001E21D2 /* HomeBeerConfigurator.swift in Sources */,
				A9BEB8342AC91048001E21D2 /* HomeBeerRepositoryProtocol.swift in Sources */,
				A91689C22ACB5B9100871D9E /* DetailBeerPresenter.swift in Sources */,
				A9BEB82C2AC90748001E21D2 /* BeerModel.swift in Sources */,
				A942138C2AC888A00062C732 /* AppDelegate.swift in Sources */,
				A91689B62ACB212100871D9E /* DetailBeerViewController.swift in Sources */,
				A9BEB81E2AC906B1001E21D2 /* HomeBeerInteractorProtocol.swift in Sources */,
				A9BEB8382AC91580001E21D2 /* Constants.swift in Sources */,
				A91689C62ACB5C8300871D9E /* DetailBeerInteractor.swift in Sources */,
				A91689D02ACB60B600871D9E /* DetailBeerConfiguratorProtocol.swift in Sources */,
				A91689CE2ACB60A700871D9E /* DetailBeerConfigurator.swift in Sources */,
				A9BEB8242AC906EA001E21D2 /* HomeBeerRouter.swift in Sources */,
				A9BEB8262AC906FD001E21D2 /* HomeBeerRouterProtocol.swift in Sources */,
				A942138E2AC888A00062C732 /* SceneDelegate.swift in Sources */,
				A91689CA2ACB5D6D00871D9E /* DetailBeerRouter.swift in Sources */,
				A91689CC2ACB5D7A00871D9E /* DetailBeerRouterProtocol.swift in Sources */,
				A91689BD2ACB3F9400871D9E /* BaseNavigationController.swift in Sources */,
				A9BEB8222AC906D0001E21D2 /* HomeBeerPresenterProtocol.swift in Sources */,
			);
			runOnlyForDeploymentPostprocessing = 0;
		};
		A942139D2AC888A10062C732 /* Sources */ = {
			isa = PBXSourcesBuildPhase;
			buildActionMask = 2147483647;
			files = (
				A94213A62AC888A10062C732 /* MEPunkDemoTests.swift in Sources */,
			);
			runOnlyForDeploymentPostprocessing = 0;
		};
		A94213A72AC888A10062C732 /* Sources */ = {
			isa = PBXSourcesBuildPhase;
			buildActionMask = 2147483647;
			files = (
				A94213B02AC888A10062C732 /* MEPunkDemoUITests.swift in Sources */,
				A94213B22AC888A10062C732 /* MEPunkDemoUITestsLaunchTests.swift in Sources */,
			);
			runOnlyForDeploymentPostprocessing = 0;
		};
/* End PBXSourcesBuildPhase section */

/* Begin PBXTargetDependency section */
		A94213A32AC888A10062C732 /* PBXTargetDependency */ = {
			isa = PBXTargetDependency;
			target = A94213872AC888A00062C732 /* MEPunkDemo */;
			targetProxy = A94213A22AC888A10062C732 /* PBXContainerItemProxy */;
		};
		A94213AD2AC888A10062C732 /* PBXTargetDependency */ = {
			isa = PBXTargetDependency;
			target = A94213872AC888A00062C732 /* MEPunkDemo */;
			targetProxy = A94213AC2AC888A10062C732 /* PBXContainerItemProxy */;
		};
/* End PBXTargetDependency section */

/* Begin PBXVariantGroup section */
		A94213912AC888A00062C732 /* Main.storyboard */ = {
			isa = PBXVariantGroup;
			children = (
				A94213922AC888A00062C732 /* Base */,
			);
			name = Main.storyboard;
			sourceTree = "<group>";
		};
		A94213992AC888A10062C732 /* LaunchScreen.storyboard */ = {
			isa = PBXVariantGroup;
			children = (
				A942139A2AC888A10062C732 /* Base */,
			);
			name = LaunchScreen.storyboard;
			sourceTree = "<group>";
		};
/* End PBXVariantGroup section */

/* Begin XCBuildConfiguration section */
		A94213B32AC888A10062C732 /* Debug */ = {
			isa = XCBuildConfiguration;
			buildSettings = {
				ALWAYS_SEARCH_USER_PATHS = NO;
				ASSETCATALOG_COMPILER_GENERATE_SWIFT_ASSET_SYMBOL_EXTENSIONS = YES;
				CLANG_ANALYZER_NONNULL = YES;
				CLANG_ANALYZER_NUMBER_OBJECT_CONVERSION = YES_AGGRESSIVE;
				CLANG_CXX_LANGUAGE_STANDARD = "gnu++20";
				CLANG_ENABLE_MODULES = YES;
				CLANG_ENABLE_OBJC_ARC = YES;
				CLANG_ENABLE_OBJC_WEAK = YES;
				CLANG_WARN_BLOCK_CAPTURE_AUTORELEASING = YES;
				CLANG_WARN_BOOL_CONVERSION = YES;
				CLANG_WARN_COMMA = YES;
				CLANG_WARN_CONSTANT_CONVERSION = YES;
				CLANG_WARN_DEPRECATED_OBJC_IMPLEMENTATIONS = YES;
				CLANG_WARN_DIRECT_OBJC_ISA_USAGE = YES_ERROR;
				CLANG_WARN_DOCUMENTATION_COMMENTS = YES;
				CLANG_WARN_EMPTY_BODY = YES;
				CLANG_WARN_ENUM_CONVERSION = YES;
				CLANG_WARN_INFINITE_RECURSION = YES;
				CLANG_WARN_INT_CONVERSION = YES;
				CLANG_WARN_NON_LITERAL_NULL_CONVERSION = YES;
				CLANG_WARN_OBJC_IMPLICIT_RETAIN_SELF = YES;
				CLANG_WARN_OBJC_LITERAL_CONVERSION = YES;
				CLANG_WARN_OBJC_ROOT_CLASS = YES_ERROR;
				CLANG_WARN_QUOTED_INCLUDE_IN_FRAMEWORK_HEADER = YES;
				CLANG_WARN_RANGE_LOOP_ANALYSIS = YES;
				CLANG_WARN_STRICT_PROTOTYPES = YES;
				CLANG_WARN_SUSPICIOUS_MOVE = YES;
				CLANG_WARN_UNGUARDED_AVAILABILITY = YES_AGGRESSIVE;
				CLANG_WARN_UNREACHABLE_CODE = YES;
				CLANG_WARN__DUPLICATE_METHOD_MATCH = YES;
				COPY_PHASE_STRIP = NO;
				DEBUG_INFORMATION_FORMAT = dwarf;
				ENABLE_STRICT_OBJC_MSGSEND = YES;
				ENABLE_TESTABILITY = YES;
				ENABLE_USER_SCRIPT_SANDBOXING = YES;
				GCC_C_LANGUAGE_STANDARD = gnu17;
				GCC_DYNAMIC_NO_PIC = NO;
				GCC_NO_COMMON_BLOCKS = YES;
				GCC_OPTIMIZATION_LEVEL = 0;
				GCC_PREPROCESSOR_DEFINITIONS = (
					"DEBUG=1",
					"$(inherited)",
				);
				GCC_WARN_64_TO_32_BIT_CONVERSION = YES;
				GCC_WARN_ABOUT_RETURN_TYPE = YES_ERROR;
				GCC_WARN_UNDECLARED_SELECTOR = YES;
				GCC_WARN_UNINITIALIZED_AUTOS = YES_AGGRESSIVE;
				GCC_WARN_UNUSED_FUNCTION = YES;
				GCC_WARN_UNUSED_VARIABLE = YES;
				IPHONEOS_DEPLOYMENT_TARGET = 17.0;
				LOCALIZATION_PREFERS_STRING_CATALOGS = YES;
				MTL_ENABLE_DEBUG_INFO = INCLUDE_SOURCE;
				MTL_FAST_MATH = YES;
				ONLY_ACTIVE_ARCH = YES;
				SDKROOT = iphoneos;
				SWIFT_ACTIVE_COMPILATION_CONDITIONS = "DEBUG $(inherited)";
				SWIFT_OPTIMIZATION_LEVEL = "-Onone";
			};
			name = Debug;
		};
		A94213B42AC888A10062C732 /* Release */ = {
			isa = XCBuildConfiguration;
			buildSettings = {
				ALWAYS_SEARCH_USER_PATHS = NO;
				ASSETCATALOG_COMPILER_GENERATE_SWIFT_ASSET_SYMBOL_EXTENSIONS = YES;
				CLANG_ANALYZER_NONNULL = YES;
				CLANG_ANALYZER_NUMBER_OBJECT_CONVERSION = YES_AGGRESSIVE;
				CLANG_CXX_LANGUAGE_STANDARD = "gnu++20";
				CLANG_ENABLE_MODULES = YES;
				CLANG_ENABLE_OBJC_ARC = YES;
				CLANG_ENABLE_OBJC_WEAK = YES;
				CLANG_WARN_BLOCK_CAPTURE_AUTORELEASING = YES;
				CLANG_WARN_BOOL_CONVERSION = YES;
				CLANG_WARN_COMMA = YES;
				CLANG_WARN_CONSTANT_CONVERSION = YES;
				CLANG_WARN_DEPRECATED_OBJC_IMPLEMENTATIONS = YES;
				CLANG_WARN_DIRECT_OBJC_ISA_USAGE = YES_ERROR;
				CLANG_WARN_DOCUMENTATION_COMMENTS = YES;
				CLANG_WARN_EMPTY_BODY = YES;
				CLANG_WARN_ENUM_CONVERSION = YES;
				CLANG_WARN_INFINITE_RECURSION = YES;
				CLANG_WARN_INT_CONVERSION = YES;
				CLANG_WARN_NON_LITERAL_NULL_CONVERSION = YES;
				CLANG_WARN_OBJC_IMPLICIT_RETAIN_SELF = YES;
				CLANG_WARN_OBJC_LITERAL_CONVERSION = YES;
				CLANG_WARN_OBJC_ROOT_CLASS = YES_ERROR;
				CLANG_WARN_QUOTED_INCLUDE_IN_FRAMEWORK_HEADER = YES;
				CLANG_WARN_RANGE_LOOP_ANALYSIS = YES;
				CLANG_WARN_STRICT_PROTOTYPES = YES;
				CLANG_WARN_SUSPICIOUS_MOVE = YES;
				CLANG_WARN_UNGUARDED_AVAILABILITY = YES_AGGRESSIVE;
				CLANG_WARN_UNREACHABLE_CODE = YES;
				CLANG_WARN__DUPLICATE_METHOD_MATCH = YES;
				COPY_PHASE_STRIP = NO;
				DEBUG_INFORMATION_FORMAT = "dwarf-with-dsym";
				ENABLE_NS_ASSERTIONS = NO;
				ENABLE_STRICT_OBJC_MSGSEND = YES;
				ENABLE_USER_SCRIPT_SANDBOXING = YES;
				GCC_C_LANGUAGE_STANDARD = gnu17;
				GCC_NO_COMMON_BLOCKS = YES;
				GCC_WARN_64_TO_32_BIT_CONVERSION = YES;
				GCC_WARN_ABOUT_RETURN_TYPE = YES_ERROR;
				GCC_WARN_UNDECLARED_SELECTOR = YES;
				GCC_WARN_UNINITIALIZED_AUTOS = YES_AGGRESSIVE;
				GCC_WARN_UNUSED_FUNCTION = YES;
				GCC_WARN_UNUSED_VARIABLE = YES;
				IPHONEOS_DEPLOYMENT_TARGET = 17.0;
				LOCALIZATION_PREFERS_STRING_CATALOGS = YES;
				MTL_ENABLE_DEBUG_INFO = NO;
				MTL_FAST_MATH = YES;
				SDKROOT = iphoneos;
				SWIFT_COMPILATION_MODE = wholemodule;
				VALIDATE_PRODUCT = YES;
			};
			name = Release;
		};
		A94213B62AC888A10062C732 /* Debug */ = {
			isa = XCBuildConfiguration;
			buildSettings = {
				ASSETCATALOG_COMPILER_APPICON_NAME = AppIcon;
				ASSETCATALOG_COMPILER_GLOBAL_ACCENT_COLOR_NAME = AccentColor;
				CODE_SIGN_STYLE = Automatic;
				CURRENT_PROJECT_VERSION = 1;
				DEVELOPMENT_TEAM = EF4CYZ897F;
				GENERATE_INFOPLIST_FILE = YES;
				INFOPLIST_FILE = MEPunkDemo/Info.plist;
				INFOPLIST_KEY_UIApplicationSupportsIndirectInputEvents = YES;
				INFOPLIST_KEY_UILaunchStoryboardName = LaunchScreen.storyboard;
				INFOPLIST_KEY_UIMainStoryboardFile = Main;
				INFOPLIST_KEY_UIStatusBarStyle = UIStatusBarStyleLightContent;
				INFOPLIST_KEY_UISupportedInterfaceOrientations = UIInterfaceOrientationPortrait;
				INFOPLIST_KEY_UISupportedInterfaceOrientations_iPad = "UIInterfaceOrientationLandscapeLeft UIInterfaceOrientationLandscapeRight UIInterfaceOrientationPortrait UIInterfaceOrientationPortraitUpsideDown";
				INFOPLIST_KEY_UIUserInterfaceStyle = Light;
				IPHONEOS_DEPLOYMENT_TARGET = 13.0;
				LD_RUNPATH_SEARCH_PATHS = (
					"$(inherited)",
					"@executable_path/Frameworks",
				);
				MARKETING_VERSION = 1.0;
				PRODUCT_BUNDLE_IDENTIFIER = com.marco.example.MEPunkDemo;
				PRODUCT_NAME = "$(TARGET_NAME)";
				SWIFT_EMIT_LOC_STRINGS = YES;
				SWIFT_VERSION = 5.0;
				TARGETED_DEVICE_FAMILY = "1,2";
			};
			name = Debug;
		};
		A94213B72AC888A10062C732 /* Release */ = {
			isa = XCBuildConfiguration;
			buildSettings = {
				ASSETCATALOG_COMPILER_APPICON_NAME = AppIcon;
				ASSETCATALOG_COMPILER_GLOBAL_ACCENT_COLOR_NAME = AccentColor;
				CODE_SIGN_STYLE = Automatic;
				CURRENT_PROJECT_VERSION = 1;
				DEVELOPMENT_TEAM = EF4CYZ897F;
				GENERATE_INFOPLIST_FILE = YES;
				INFOPLIST_FILE = MEPunkDemo/Info.plist;
				INFOPLIST_KEY_UIApplicationSupportsIndirectInputEvents = YES;
				INFOPLIST_KEY_UILaunchStoryboardName = LaunchScreen.storyboard;
				INFOPLIST_KEY_UIMainStoryboardFile = Main;
				INFOPLIST_KEY_UIStatusBarStyle = UIStatusBarStyleLightContent;
				INFOPLIST_KEY_UISupportedInterfaceOrientations = UIInterfaceOrientationPortrait;
				INFOPLIST_KEY_UISupportedInterfaceOrientations_iPad = "UIInterfaceOrientationLandscapeLeft UIInterfaceOrientationLandscapeRight UIInterfaceOrientationPortrait UIInterfaceOrientationPortraitUpsideDown";
				INFOPLIST_KEY_UIUserInterfaceStyle = Light;
				IPHONEOS_DEPLOYMENT_TARGET = 13.0;
				LD_RUNPATH_SEARCH_PATHS = (
					"$(inherited)",
					"@executable_path/Frameworks",
				);
				MARKETING_VERSION = 1.0;
				PRODUCT_BUNDLE_IDENTIFIER = com.marco.example.MEPunkDemo;
				PRODUCT_NAME = "$(TARGET_NAME)";
				SWIFT_EMIT_LOC_STRINGS = YES;
				SWIFT_VERSION = 5.0;
				TARGETED_DEVICE_FAMILY = "1,2";
			};
			name = Release;
		};
		A94213B92AC888A10062C732 /* Debug */ = {
			isa = XCBuildConfiguration;
			buildSettings = {
				ALWAYS_EMBED_SWIFT_STANDARD_LIBRARIES = YES;
				BUNDLE_LOADER = "$(TEST_HOST)";
				CODE_SIGN_STYLE = Automatic;
				CURRENT_PROJECT_VERSION = 1;
				DEVELOPMENT_TEAM = EF4CYZ897F;
				GENERATE_INFOPLIST_FILE = YES;
				IPHONEOS_DEPLOYMENT_TARGET = 17.0;
				MARKETING_VERSION = 1.0;
				PRODUCT_BUNDLE_IDENTIFIER = com.marco.example.MEPunkDemoTests;
				PRODUCT_NAME = "$(TARGET_NAME)";
				SWIFT_EMIT_LOC_STRINGS = NO;
				SWIFT_VERSION = 5.0;
				TARGETED_DEVICE_FAMILY = "1,2";
				TEST_HOST = "$(BUILT_PRODUCTS_DIR)/MEPunkDemo.app/$(BUNDLE_EXECUTABLE_FOLDER_PATH)/MEPunkDemo";
			};
			name = Debug;
		};
		A94213BA2AC888A10062C732 /* Release */ = {
			isa = XCBuildConfiguration;
			buildSettings = {
				ALWAYS_EMBED_SWIFT_STANDARD_LIBRARIES = YES;
				BUNDLE_LOADER = "$(TEST_HOST)";
				CODE_SIGN_STYLE = Automatic;
				CURRENT_PROJECT_VERSION = 1;
				DEVELOPMENT_TEAM = EF4CYZ897F;
				GENERATE_INFOPLIST_FILE = YES;
				IPHONEOS_DEPLOYMENT_TARGET = 17.0;
				MARKETING_VERSION = 1.0;
				PRODUCT_BUNDLE_IDENTIFIER = com.marco.example.MEPunkDemoTests;
				PRODUCT_NAME = "$(TARGET_NAME)";
				SWIFT_EMIT_LOC_STRINGS = NO;
				SWIFT_VERSION = 5.0;
				TARGETED_DEVICE_FAMILY = "1,2";
				TEST_HOST = "$(BUILT_PRODUCTS_DIR)/MEPunkDemo.app/$(BUNDLE_EXECUTABLE_FOLDER_PATH)/MEPunkDemo";
			};
			name = Release;
		};
		A94213BC2AC888A10062C732 /* Debug */ = {
			isa = XCBuildConfiguration;
			buildSettings = {
				ALWAYS_EMBED_SWIFT_STANDARD_LIBRARIES = YES;
				CODE_SIGN_STYLE = Automatic;
				CURRENT_PROJECT_VERSION = 1;
				DEVELOPMENT_TEAM = EF4CYZ897F;
				GENERATE_INFOPLIST_FILE = YES;
				MARKETING_VERSION = 1.0;
				PRODUCT_BUNDLE_IDENTIFIER = com.marco.example.MEPunkDemoUITests;
				PRODUCT_NAME = "$(TARGET_NAME)";
				SWIFT_EMIT_LOC_STRINGS = NO;
				SWIFT_VERSION = 5.0;
				TARGETED_DEVICE_FAMILY = "1,2";
				TEST_TARGET_NAME = MEPunkDemo;
			};
			name = Debug;
		};
		A94213BD2AC888A10062C732 /* Release */ = {
			isa = XCBuildConfiguration;
			buildSettings = {
				ALWAYS_EMBED_SWIFT_STANDARD_LIBRARIES = YES;
				CODE_SIGN_STYLE = Automatic;
				CURRENT_PROJECT_VERSION = 1;
				DEVELOPMENT_TEAM = EF4CYZ897F;
				GENERATE_INFOPLIST_FILE = YES;
				MARKETING_VERSION = 1.0;
				PRODUCT_BUNDLE_IDENTIFIER = com.marco.example.MEPunkDemoUITests;
				PRODUCT_NAME = "$(TARGET_NAME)";
				SWIFT_EMIT_LOC_STRINGS = NO;
				SWIFT_VERSION = 5.0;
				TARGETED_DEVICE_FAMILY = "1,2";
				TEST_TARGET_NAME = MEPunkDemo;
			};
			name = Release;
		};
/* End XCBuildConfiguration section */

/* Begin XCConfigurationList section */
		A94213832AC888A00062C732 /* Build configuration list for PBXProject "MEPunkDemo" */ = {
			isa = XCConfigurationList;
			buildConfigurations = (
				A94213B32AC888A10062C732 /* Debug */,
				A94213B42AC888A10062C732 /* Release */,
			);
			defaultConfigurationIsVisible = 0;
			defaultConfigurationName = Release;
		};
		A94213B52AC888A10062C732 /* Build configuration list for PBXNativeTarget "MEPunkDemo" */ = {
			isa = XCConfigurationList;
			buildConfigurations = (
				A94213B62AC888A10062C732 /* Debug */,
				A94213B72AC888A10062C732 /* Release */,
			);
			defaultConfigurationIsVisible = 0;
			defaultConfigurationName = Release;
		};
		A94213B82AC888A10062C732 /* Build configuration list for PBXNativeTarget "MEPunkDemoTests" */ = {
			isa = XCConfigurationList;
			buildConfigurations = (
				A94213B92AC888A10062C732 /* Debug */,
				A94213BA2AC888A10062C732 /* Release */,
			);
			defaultConfigurationIsVisible = 0;
			defaultConfigurationName = Release;
		};
		A94213BB2AC888A10062C732 /* Build configuration list for PBXNativeTarget "MEPunkDemoUITests" */ = {
			isa = XCConfigurationList;
			buildConfigurations = (
				A94213BC2AC888A10062C732 /* Debug */,
				A94213BD2AC888A10062C732 /* Release */,
			);
			defaultConfigurationIsVisible = 0;
			defaultConfigurationName = Release;
		};
/* End XCConfigurationList section */

/* Begin XCRemoteSwiftPackageReference section */
		A9BEB8022AC8FD63001E21D2 /* XCRemoteSwiftPackageReference "Alamofire" */ = {
			isa = XCRemoteSwiftPackageReference;
			repositoryURL = "https://github.com/Alamofire/Alamofire";
			requirement = {
				kind = upToNextMajorVersion;
				minimumVersion = 5.8.0;
			};
		};
		A9BEB8052AC8FD77001E21D2 /* XCRemoteSwiftPackageReference "MBProgressHUD" */ = {
			isa = XCRemoteSwiftPackageReference;
			repositoryURL = "https://github.com/jdg/MBProgressHUD";
			requirement = {
				kind = upToNextMajorVersion;
				minimumVersion = 1.2.0;
			};
		};
		A9BEB8082AC90254001E21D2 /* XCRemoteSwiftPackageReference "Kingfisher" */ = {
			isa = XCRemoteSwiftPackageReference;
			repositoryURL = "https://github.com/onevcat/Kingfisher";
			requirement = {
				kind = upToNextMajorVersion;
				minimumVersion = 7.9.1;
			};
		};
/* End XCRemoteSwiftPackageReference section */

/* Begin XCSwiftPackageProductDependency section */
		A9BEB8032AC8FD63001E21D2 /* Alamofire */ = {
			isa = XCSwiftPackageProductDependency;
			package = A9BEB8022AC8FD63001E21D2 /* XCRemoteSwiftPackageReference "Alamofire" */;
			productName = Alamofire;
		};
		A9BEB8062AC8FD77001E21D2 /* MBProgressHUD */ = {
			isa = XCSwiftPackageProductDependency;
			package = A9BEB8052AC8FD77001E21D2 /* XCRemoteSwiftPackageReference "MBProgressHUD" */;
			productName = MBProgressHUD;
		};
		A9BEB8092AC90254001E21D2 /* Kingfisher */ = {
			isa = XCSwiftPackageProductDependency;
			package = A9BEB8082AC90254001E21D2 /* XCRemoteSwiftPackageReference "Kingfisher" */;
			productName = Kingfisher;
		};
/* End XCSwiftPackageProductDependency section */

/* Begin XCVersionGroup section */
		A94213942AC888A00062C732 /* MEPunkDemo.xcdatamodeld */ = {
			isa = XCVersionGroup;
			children = (
				A94213952AC888A00062C732 /* MEPunkDemo.xcdatamodel */,
			);
			currentVersion = A94213952AC888A00062C732 /* MEPunkDemo.xcdatamodel */;
			path = MEPunkDemo.xcdatamodeld;
			sourceTree = "<group>";
			versionGroupType = wrapper.xcdatamodel;
		};
/* End XCVersionGroup section */
	};
	rootObject = A94213802AC888A00062C732 /* Project object */;
}
